
Microsoft Visual Studio Solution File, Format Version 12.00
# Visual Studio Version 17
VisualStudioVersion = 17.2.32317.152
MinimumVisualStudioVersion = 10.0.40219.1
Project("{9A19103F-16F7-4668-BE54-9A1E7A4F7556}") = "Core_Console", "Core_Console\Core_Console.csproj", "{B40561B5-C103-49F3-9E9F-FA916B5099CB}"
EndProject
Project("{D954291E-2A0B-460D-934E-DC6B0785DB48}") = "Shared", "Shared\Shared.shproj", "{692B4C2C-59CC-49EC-AD18-6BEB44A1D662}"
EndProject
Project("{FAE04EC0-301F-11D3-BF4B-00C04F79EFBC}") = "Framework_Console", "Framework_Console\Framework_Console.csproj", "{D321C5EA-1515-451D-A443-9F4BFC7172C2}"
EndProject
Project("{9A19103F-16F7-4668-BE54-9A1E7A4F7556}") = "Multi", "Multi\Multi.csproj", "{C4688F09-A1D1-4B8B-9EC0-B48F87A3743F}"
EndProject
Project("{778DAE3C-4631-46EA-AA77-85C1314464D9}") = "VB", "VB\VB.vbproj", "{92F85F30-2A75-471D-8434-BAD84402F684}"
EndProject
Project("{9A19103F-16F7-4668-BE54-9A1E7A4F7556}") = "MVC", "MVC\MVC.csproj", "{8D881AA9-2A04-4DE0-9609-F10588DFDB4C}"
EndProject
Project("{8BC9CEB8-8B4A-11D0-8D11-00A0C91BC942}") = "CPP", "CPP\CPP.vcxproj", "{0ECF6174-781E-4DEB-B3E4-1B569F360F92}"
EndProject
Project("{FAE04EC0-301F-11D3-BF4B-00C04F79EFBC}") = "Blazor", "Blazor\Blazor.csproj", "{4E1F700E-47E9-4CFC-8D38-EAE49E648615}"
EndProject
Global
	GlobalSection(SolutionConfigurationPlatforms) = preSolution
		Debug|Any CPU = Debug|Any CPU
		Debug|x64 = Debug|x64
		Debug|x86 = Debug|x86
		Release|Any CPU = Release|Any CPU
		Release|x64 = Release|x64
		Release|x86 = Release|x86
	EndGlobalSection
	GlobalSection(ProjectConfigurationPlatforms) = postSolution
		{B40561B5-C103-49F3-9E9F-FA916B5099CB}.Debug|Any CPU.ActiveCfg = Debug|Any CPU
		{B40561B5-C103-49F3-9E9F-FA916B5099CB}.Debug|Any CPU.Build.0 = Debug|Any CPU
		{B40561B5-C103-49F3-9E9F-FA916B5099CB}.Debug|x64.ActiveCfg = Debug|Any CPU
		{B40561B5-C103-49F3-9E9F-FA916B5099CB}.Debug|x64.Build.0 = Debug|Any CPU
		{B40561B5-C103-49F3-9E9F-FA916B5099CB}.Debug|x86.ActiveCfg = Debug|Any CPU
		{B40561B5-C103-49F3-9E9F-FA916B5099CB}.Debug|x86.Build.0 = Debug|Any CPU
		{B40561B5-C103-49F3-9E9F-FA916B5099CB}.Release|Any CPU.ActiveCfg = Release|Any CPU
		{B40561B5-C103-49F3-9E9F-FA916B5099CB}.Release|Any CPU.Build.0 = Release|Any CPU
		{B40561B5-C103-49F3-9E9F-FA916B5099CB}.Release|x64.ActiveCfg = Release|Any CPU
		{B40561B5-C103-49F3-9E9F-FA916B5099CB}.Release|x64.Build.0 = Release|Any CPU
		{B40561B5-C103-49F3-9E9F-FA916B5099CB}.Release|x86.ActiveCfg = Release|Any CPU
		{B40561B5-C103-49F3-9E9F-FA916B5099CB}.Release|x86.Build.0 = Release|Any CPU
		{D321C5EA-1515-451D-A443-9F4BFC7172C2}.Debug|Any CPU.ActiveCfg = Debug|Any CPU
		{D321C5EA-1515-451D-A443-9F4BFC7172C2}.Debug|Any CPU.Build.0 = Debug|Any CPU
		{D321C5EA-1515-451D-A443-9F4BFC7172C2}.Debug|x64.ActiveCfg = Debug|Any CPU
		{D321C5EA-1515-451D-A443-9F4BFC7172C2}.Debug|x64.Build.0 = Debug|Any CPU
		{D321C5EA-1515-451D-A443-9F4BFC7172C2}.Debug|x86.ActiveCfg = Debug|Any CPU
		{D321C5EA-1515-451D-A443-9F4BFC7172C2}.Debug|x86.Build.0 = Debug|Any CPU
		{D321C5EA-1515-451D-A443-9F4BFC7172C2}.Release|Any CPU.ActiveCfg = Release|Any CPU
		{D321C5EA-1515-451D-A443-9F4BFC7172C2}.Release|Any CPU.Build.0 = Release|Any CPU
		{D321C5EA-1515-451D-A443-9F4BFC7172C2}.Release|x64.ActiveCfg = Release|Any CPU
		{D321C5EA-1515-451D-A443-9F4BFC7172C2}.Release|x64.Build.0 = Release|Any CPU
		{D321C5EA-1515-451D-A443-9F4BFC7172C2}.Release|x86.ActiveCfg = Release|Any CPU
		{D321C5EA-1515-451D-A443-9F4BFC7172C2}.Release|x86.Build.0 = Release|Any CPU
		{C4688F09-A1D1-4B8B-9EC0-B48F87A3743F}.Debug|Any CPU.ActiveCfg = Debug|Any CPU
		{C4688F09-A1D1-4B8B-9EC0-B48F87A3743F}.Debug|Any CPU.Build.0 = Debug|Any CPU
		{C4688F09-A1D1-4B8B-9EC0-B48F87A3743F}.Debug|x64.ActiveCfg = Debug|Any CPU
		{C4688F09-A1D1-4B8B-9EC0-B48F87A3743F}.Debug|x64.Build.0 = Debug|Any CPU
		{C4688F09-A1D1-4B8B-9EC0-B48F87A3743F}.Debug|x86.ActiveCfg = Debug|Any CPU
		{C4688F09-A1D1-4B8B-9EC0-B48F87A3743F}.Debug|x86.Build.0 = Debug|Any CPU
		{C4688F09-A1D1-4B8B-9EC0-B48F87A3743F}.Release|Any CPU.ActiveCfg = Release|Any CPU
		{C4688F09-A1D1-4B8B-9EC0-B48F87A3743F}.Release|Any CPU.Build.0 = Release|Any CPU
		{C4688F09-A1D1-4B8B-9EC0-B48F87A3743F}.Release|x64.ActiveCfg = Release|Any CPU
		{C4688F09-A1D1-4B8B-9EC0-B48F87A3743F}.Release|x64.Build.0 = Release|Any CPU
		{C4688F09-A1D1-4B8B-9EC0-B48F87A3743F}.Release|x86.ActiveCfg = Release|Any CPU
		{C4688F09-A1D1-4B8B-9EC0-B48F87A3743F}.Release|x86.Build.0 = Release|Any CPU
		{92F85F30-2A75-471D-8434-BAD84402F684}.Debug|Any CPU.ActiveCfg = Debug|Any CPU
		{92F85F30-2A75-471D-8434-BAD84402F684}.Debug|Any CPU.Build.0 = Debug|Any CPU
		{92F85F30-2A75-471D-8434-BAD84402F684}.Debug|x64.ActiveCfg = Debug|Any CPU
		{92F85F30-2A75-471D-8434-BAD84402F684}.Debug|x64.Build.0 = Debug|Any CPU
		{92F85F30-2A75-471D-8434-BAD84402F684}.Debug|x86.ActiveCfg = Debug|Any CPU
		{92F85F30-2A75-471D-8434-BAD84402F684}.Debug|x86.Build.0 = Debug|Any CPU
		{92F85F30-2A75-471D-8434-BAD84402F684}.Release|Any CPU.ActiveCfg = Release|Any CPU
		{92F85F30-2A75-471D-8434-BAD84402F684}.Release|Any CPU.Build.0 = Release|Any CPU
		{92F85F30-2A75-471D-8434-BAD84402F684}.Release|x64.ActiveCfg = Release|Any CPU
		{92F85F30-2A75-471D-8434-BAD84402F684}.Release|x64.Build.0 = Release|Any CPU
		{92F85F30-2A75-471D-8434-BAD84402F684}.Release|x86.ActiveCfg = Release|Any CPU
		{92F85F30-2A75-471D-8434-BAD84402F684}.Release|x86.Build.0 = Release|Any CPU
		{8D881AA9-2A04-4DE0-9609-F10588DFDB4C}.Debug|Any CPU.ActiveCfg = Debug|Any CPU
		{8D881AA9-2A04-4DE0-9609-F10588DFDB4C}.Debug|Any CPU.Build.0 = Debug|Any CPU
		{8D881AA9-2A04-4DE0-9609-F10588DFDB4C}.Debug|x64.ActiveCfg = Debug|Any CPU
		{8D881AA9-2A04-4DE0-9609-F10588DFDB4C}.Debug|x64.Build.0 = Debug|Any CPU
		{8D881AA9-2A04-4DE0-9609-F10588DFDB4C}.Debug|x86.ActiveCfg = Debug|Any CPU
		{8D881AA9-2A04-4DE0-9609-F10588DFDB4C}.Debug|x86.Build.0 = Debug|Any CPU
		{8D881AA9-2A04-4DE0-9609-F10588DFDB4C}.Release|Any CPU.ActiveCfg = Release|Any CPU
		{8D881AA9-2A04-4DE0-9609-F10588DFDB4C}.Release|Any CPU.Build.0 = Release|Any CPU
		{8D881AA9-2A04-4DE0-9609-F10588DFDB4C}.Release|x64.ActiveCfg = Release|Any CPU
		{8D881AA9-2A04-4DE0-9609-F10588DFDB4C}.Release|x64.Build.0 = Release|Any CPU
		{8D881AA9-2A04-4DE0-9609-F10588DFDB4C}.Release|x86.ActiveCfg = Release|Any CPU
		{8D881AA9-2A04-4DE0-9609-F10588DFDB4C}.Release|x86.Build.0 = Release|Any CPU
		{0ECF6174-781E-4DEB-B3E4-1B569F360F92}.Debug|Any CPU.ActiveCfg = Debug|x64
		{0ECF6174-781E-4DEB-B3E4-1B569F360F92}.Debug|Any CPU.Build.0 = Debug|x64
		{0ECF6174-781E-4DEB-B3E4-1B569F360F92}.Debug|x64.ActiveCfg = Debug|x64
		{0ECF6174-781E-4DEB-B3E4-1B569F360F92}.Debug|x64.Build.0 = Debug|x64
		{0ECF6174-781E-4DEB-B3E4-1B569F360F92}.Debug|x86.ActiveCfg = Debug|Win32
		{0ECF6174-781E-4DEB-B3E4-1B569F360F92}.Debug|x86.Build.0 = Debug|Win32
		{0ECF6174-781E-4DEB-B3E4-1B569F360F92}.Release|Any CPU.ActiveCfg = Release|x64
		{0ECF6174-781E-4DEB-B3E4-1B569F360F92}.Release|Any CPU.Build.0 = Release|x64
		{0ECF6174-781E-4DEB-B3E4-1B569F360F92}.Release|x64.ActiveCfg = Release|x64
		{0ECF6174-781E-4DEB-B3E4-1B569F360F92}.Release|x64.Build.0 = Release|x64
		{0ECF6174-781E-4DEB-B3E4-1B569F360F92}.Release|x86.ActiveCfg = Release|Win32
		{0ECF6174-781E-4DEB-B3E4-1B569F360F92}.Release|x86.Build.0 = Release|Win32
		{4E1F700E-47E9-4CFC-8D38-EAE49E648615}.Debug|Any CPU.ActiveCfg = Debug|Any CPU
		{4E1F700E-47E9-4CFC-8D38-EAE49E648615}.Debug|Any CPU.Build.0 = Debug|Any CPU
		{4E1F700E-47E9-4CFC-8D38-EAE49E648615}.Debug|x64.ActiveCfg = Debug|Any CPU
		{4E1F700E-47E9-4CFC-8D38-EAE49E648615}.Debug|x64.Build.0 = Debug|Any CPU
		{4E1F700E-47E9-4CFC-8D38-EAE49E648615}.Debug|x86.ActiveCfg = Debug|Any CPU
		{4E1F700E-47E9-4CFC-8D38-EAE49E648615}.Debug|x86.Build.0 = Debug|Any CPU
		{4E1F700E-47E9-4CFC-8D38-EAE49E648615}.Release|Any CPU.ActiveCfg = Release|Any CPU
		{4E1F700E-47E9-4CFC-8D38-EAE49E648615}.Release|Any CPU.Build.0 = Release|Any CPU
		{4E1F700E-47E9-4CFC-8D38-EAE49E648615}.Release|x64.ActiveCfg = Release|Any CPU
		{4E1F700E-47E9-4CFC-8D38-EAE49E648615}.Release|x64.Build.0 = Release|Any CPU
		{4E1F700E-47E9-4CFC-8D38-EAE49E648615}.Release|x86.ActiveCfg = Release|Any CPU
		{4E1F700E-47E9-4CFC-8D38-EAE49E648615}.Release|x86.Build.0 = Release|Any CPU
	EndGlobalSection
	GlobalSection(SolutionProperties) = preSolution
		HideSolutionNode = FALSE
	EndGlobalSection
	GlobalSection(ExtensibilityGlobals) = postSolution
		SolutionGuid = {1F87B0B0-EF84-4A5E-B16D-B7CAA40F4A9C}
	EndGlobalSection
	GlobalSection(SharedMSBuildProjectFiles) = preSolution
		Shared\Shared.projitems*{692b4c2c-59cc-49ec-ad18-6beb44a1d662}*SharedItemsImports = 13
		Shared\Shared.projitems*{b40561b5-c103-49f3-9e9f-fa916b5099cb}*SharedItemsImports = 5
		Shared\Shared.projitems*{d321c5ea-1515-451d-a443-9f4bfc7172c2}*SharedItemsImports = 4
	EndGlobalSection
EndGlobal
